
Microsoft Visual Studio Solution File, Format Version 12.00
# Visual Studio Version 17
VisualStudioVersion = 17.13.35818.85
MinimumVisualStudioVersion = 10.0.40219.1
Project("{FAE04EC0-301F-11D3-BF4B-00C04F79EFBC}") = "SocialNetworkApp", "SocialNetworkApp.csproj", "{0A4C3FC5-B5E9-4790-A6D7-75CFC80EC5B4}"
EndProject
Project("{FAE04EC0-301F-11D3-BF4B-00C04F79EFBC}") = "SocialNetworkLibrary", "..\SocialNetworkLibrary\SocialNetworkLibrary.csproj", "{7BD7722A-DB5B-473A-E97F-F4463DD8696D}"
EndProject
Project("{FAE04EC0-301F-11D3-BF4B-00C04F79EFBC}") = "SocialNetworkLibrary.Tests", "..\SocialNetworkLibrary.Tests\SocialNetworkLibrary.Tests.csproj", "{FD26C5DD-3F16-4382-81B8-2A105675A315}"
EndProject
Global
	GlobalSection(SolutionConfigurationPlatforms) = preSolution
		Debug|Any CPU = Debug|Any CPU
		Release|Any CPU = Release|Any CPU
	EndGlobalSection
	GlobalSection(ProjectConfigurationPlatforms) = postSolution
		{0A4C3FC5-B5E9-4790-A6D7-75CFC80EC5B4}.Debug|Any CPU.ActiveCfg = Debug|Any CPU
		{0A4C3FC5-B5E9-4790-A6D7-75CFC80EC5B4}.Debug|Any CPU.Build.0 = Debug|Any CPU
		{0A4C3FC5-B5E9-4790-A6D7-75CFC80EC5B4}.Release|Any CPU.ActiveCfg = Release|Any CPU
		{0A4C3FC5-B5E9-4790-A6D7-75CFC80EC5B4}.Release|Any CPU.Build.0 = Release|Any CPU
		{7BD7722A-DB5B-473A-E97F-F4463DD8696D}.Debug|Any CPU.ActiveCfg = Debug|Any CPU
		{7BD7722A-DB5B-473A-E97F-F4463DD8696D}.Debug|Any CPU.Build.0 = Debug|Any CPU
		{7BD7722A-DB5B-473A-E97F-F4463DD8696D}.Release|Any CPU.ActiveCfg = Release|Any CPU
		{7BD7722A-DB5B-473A-E97F-F4463DD8696D}.Release|Any CPU.Build.0 = Release|Any CPU
		{FD26C5DD-3F16-4382-81B8-2A105675A315}.Debug|Any CPU.ActiveCfg = Debug|Any CPU
		{FD26C5DD-3F16-4382-81B8-2A105675A315}.Debug|Any CPU.Build.0 = Debug|Any CPU
		{FD26C5DD-3F16-4382-81B8-2A105675A315}.Release|Any CPU.ActiveCfg = Release|Any CPU
		{FD26C5DD-3F16-4382-81B8-2A105675A315}.Release|Any CPU.Build.0 = Release|Any CPU
	EndGlobalSection
	GlobalSection(SolutionProperties) = preSolution
		HideSolutionNode = FALSE
	EndGlobalSection
	GlobalSection(ExtensibilityGlobals) = postSolution
		SolutionGuid = {29A69D2C-D193-4B70-8B16-3B53FFE19EF7}
	EndGlobalSection
EndGlobal
